
Microsoft Visual Studio Solution File, Format Version 12.00
# Visual Studio Version 16
VisualStudioVersion = 16.0.30611.23
MinimumVisualStudioVersion = 15.0.26124.0
Project("{FAE04EC0-301F-11D3-BF4B-00C04F79EFBC}") = "Tupojj.Objects", "Objects/Tupojj.Objects.csproj", "5a7abfe7-aa1f-4732-bee8-23fa673e1aa2"
EndProject
Project("{FAE04EC0-301F-11D3-BF4B-00C04F79EFBC}") = "Tupojj.Tests", "Tests/Tupojj.Tests.csproj", "d326a7e9-8d7a-45fc-ada9-836586c67e30"
EndProject
Project("{FAE04EC0-301F-11D3-BF4B-00C04F79EFBC}") = "Tupojj.ODataBackend", "ODataBackend/Tupojj.ODataBackend.csproj", "d5f6d1da-af59-471b-baab-d13b83d790d1"
EndProject
Project("{FAE04EC0-301F-11D3-BF4B-00C04F79EFBC}") = "Tupojj.IntegrationTests", "IntegrationTests/Tupojj.IntegrationTests.csproj", "a72ffb0b-3c28-4870-ae13-b4d57031a9e6"
EndProject
Global
	GlobalSection(SolutionConfigurationPlatforms) = preSolution
Debug|Any CPU = Debug|Any CPU
Release|Any CPU = Release|Any CPU
	EndGlobalSection
	GlobalSection(ProjectConfigurationPlatforms) = postSolution
		5a7abfe7-aa1f-4732-bee8-23fa673e1aa2.Debug|Any CPU.ActiveCfg = Debug|Any CPU
		5a7abfe7-aa1f-4732-bee8-23fa673e1aa2.Debug|Any CPU.Build.0 = Debug|Any CPU
		5a7abfe7-aa1f-4732-bee8-23fa673e1aa2.Release|Any CPU.ActiveCfg = Release|Any CPU
		5a7abfe7-aa1f-4732-bee8-23fa673e1aa2.Release|Any CPU.Build.0 = Release|Any CPU
		d326a7e9-8d7a-45fc-ada9-836586c67e30.Debug|Any CPU.ActiveCfg = Debug|Any CPU
		d326a7e9-8d7a-45fc-ada9-836586c67e30.Debug|Any CPU.Build.0 = Debug|Any CPU
		d326a7e9-8d7a-45fc-ada9-836586c67e30.Release|Any CPU.ActiveCfg = Release|Any CPU
		d326a7e9-8d7a-45fc-ada9-836586c67e30.Release|Any CPU.Build.0 = Release|Any CPU
		d5f6d1da-af59-471b-baab-d13b83d790d1.Debug|Any CPU.ActiveCfg = Debug|Any CPU
		d5f6d1da-af59-471b-baab-d13b83d790d1.Debug|Any CPU.Build.0 = Debug|Any CPU
		d5f6d1da-af59-471b-baab-d13b83d790d1.Release|Any CPU.ActiveCfg = Release|Any CPU
		d5f6d1da-af59-471b-baab-d13b83d790d1.Release|Any CPU.Build.0 = Release|Any CPU
		a72ffb0b-3c28-4870-ae13-b4d57031a9e6.Debug|Any CPU.ActiveCfg = Debug|Any CPU
		a72ffb0b-3c28-4870-ae13-b4d57031a9e6.Debug|Any CPU.Build.0 = Debug|Any CPU
		a72ffb0b-3c28-4870-ae13-b4d57031a9e6.Release|Any CPU.ActiveCfg = Release|Any CPU
		a72ffb0b-3c28-4870-ae13-b4d57031a9e6.Release|Any CPU.Build.0 = Release|Any CPU
	EndGlobalSection
	GlobalSection(SolutionProperties) = preSolution
		HideSolutionNode = FALSE
	EndGlobalSection
EndGlobal
